
Microsoft Visual Studio Solution File, Format Version 12.00
# Visual Studio 15
VisualStudioVersion = 15.0.28307.572
MinimumVisualStudioVersion = 10.0.40219.1
Project("{8BC9CEB8-8B4A-11D0-8D11-00A0C91BC942}") = "Project30", "Project30\Project30.vcxproj", "{B7358144-82F9-4FF0-9F2F-A70AC6BBAF72}"
EndProject
Global
	GlobalSection(SolutionConfigurationPlatforms) = preSolution
		Debug|x64 = Debug|x64
		Debug|x86 = Debug|x86
		Release|x64 = Release|x64
		Release|x86 = Release|x86
	EndGlobalSection
	GlobalSection(ProjectConfigurationPlatforms) = postSolution
		{B7358144-82F9-4FF0-9F2F-A70AC6BBAF72}.Debug|x64.ActiveCfg = Debug|x64
		{B7358144-82F9-4FF0-9F2F-A70AC6BBAF72}.Debug|x64.Build.0 = Debug|x64
		{B7358144-82F9-4FF0-9F2F-A70AC6BBAF72}.Debug|x86.ActiveCfg = Debug|Win32
		{B7358144-82F9-4FF0-9F2F-A70AC6BBAF72}.Debug|x86.Build.0 = Debug|Win32
		{B7358144-82F9-4FF0-9F2F-A70AC6BBAF72}.Release|x64.ActiveCfg = Release|x64
		{B7358144-82F9-4FF0-9F2F-A70AC6BBAF72}.Release|x64.Build.0 = Release|x64
		{B7358144-82F9-4FF0-9F2F-A70AC6BBAF72}.Release|x86.ActiveCfg = Release|Win32
		{B7358144-82F9-4FF0-9F2F-A70AC6BBAF72}.Release|x86.Build.0 = Release|Win32
	EndGlobalSection
	GlobalSection(SolutionProperties) = preSolution
		HideSolutionNode = FALSE
	EndGlobalSection
	GlobalSection(ExtensibilityGlobals) = postSolution
		SolutionGuid = {701B9566-A02B-49E9-B5C2-9E6577029EE8}
	EndGlobalSection
EndGlobal
